
Microsoft Visual Studio Solution File, Format Version 12.00
# Visual Studio Version 16
VisualStudioVersion = 16.0.29519.181
MinimumVisualStudioVersion = 10.0.40219.1
Project("{FAE04EC0-301F-11D3-BF4B-00C04F79EFBC}") = "be figuriniu skliaustu, KAIP NEREIKIA DARYTI", "be figuriniu skliaustu, KAIP NEREIKIA DARYTI\be figuriniu skliaustu, KAIP NEREIKIA DARYTI.csproj", "{2492C1DC-A661-4C8C-BF60-6D21E3D3AC30}"
EndProject
Global
	GlobalSection(SolutionConfigurationPlatforms) = preSolution
		Debug|Any CPU = Debug|Any CPU
		Release|Any CPU = Release|Any CPU
	EndGlobalSection
	GlobalSection(ProjectConfigurationPlatforms) = postSolution
		{2492C1DC-A661-4C8C-BF60-6D21E3D3AC30}.Debug|Any CPU.ActiveCfg = Debug|Any CPU
		{2492C1DC-A661-4C8C-BF60-6D21E3D3AC30}.Debug|Any CPU.Build.0 = Debug|Any CPU
		{2492C1DC-A661-4C8C-BF60-6D21E3D3AC30}.Release|Any CPU.ActiveCfg = Release|Any CPU
		{2492C1DC-A661-4C8C-BF60-6D21E3D3AC30}.Release|Any CPU.Build.0 = Release|Any CPU
	EndGlobalSection
	GlobalSection(SolutionProperties) = preSolution
		HideSolutionNode = FALSE
	EndGlobalSection
	GlobalSection(ExtensibilityGlobals) = postSolution
		SolutionGuid = {B283D40B-04D2-441A-9700-1AE21A721CFC}
	EndGlobalSection
EndGlobal
