
Microsoft Visual Studio Solution File, Format Version 12.00
# Visual Studio Version 16
VisualStudioVersion = 16.0.29519.181
MinimumVisualStudioVersion = 10.0.40219.1
Project("{FAE04EC0-301F-11D3-BF4B-00C04F79EFBC}") = "3", "3\3.csproj", "{73C635CF-3146-4E9C-BDE1-2612BD1D68E6}"
EndProject
Global
	GlobalSection(SolutionConfigurationPlatforms) = preSolution
		Debug|Any CPU = Debug|Any CPU
		Release|Any CPU = Release|Any CPU
	EndGlobalSection
	GlobalSection(ProjectConfigurationPlatforms) = postSolution
		{73C635CF-3146-4E9C-BDE1-2612BD1D68E6}.Debug|Any CPU.ActiveCfg = Debug|Any CPU
		{73C635CF-3146-4E9C-BDE1-2612BD1D68E6}.Debug|Any CPU.Build.0 = Debug|Any CPU
		{73C635CF-3146-4E9C-BDE1-2612BD1D68E6}.Release|Any CPU.ActiveCfg = Release|Any CPU
		{73C635CF-3146-4E9C-BDE1-2612BD1D68E6}.Release|Any CPU.Build.0 = Release|Any CPU
	EndGlobalSection
	GlobalSection(SolutionProperties) = preSolution
		HideSolutionNode = FALSE
	EndGlobalSection
	GlobalSection(ExtensibilityGlobals) = postSolution
		SolutionGuid = {DB7C4CAC-9EA7-476F-8EF3-6E581256FCD1}
	EndGlobalSection
EndGlobal
