
Microsoft Visual Studio Solution File, Format Version 12.00
# Visual Studio Version 16
VisualStudioVersion = 16.0.29519.181
MinimumVisualStudioVersion = 10.0.40219.1
Project("{FAE04EC0-301F-11D3-BF4B-00C04F79EFBC}") = "NR 2.2", "NR 2.2\NR 2.2.csproj", "{C90638D2-F63B-408E-8DEC-95B0D082C264}"
EndProject
Global
	GlobalSection(SolutionConfigurationPlatforms) = preSolution
		Debug|Any CPU = Debug|Any CPU
		Release|Any CPU = Release|Any CPU
	EndGlobalSection
	GlobalSection(ProjectConfigurationPlatforms) = postSolution
		{C90638D2-F63B-408E-8DEC-95B0D082C264}.Debug|Any CPU.ActiveCfg = Debug|Any CPU
		{C90638D2-F63B-408E-8DEC-95B0D082C264}.Debug|Any CPU.Build.0 = Debug|Any CPU
		{C90638D2-F63B-408E-8DEC-95B0D082C264}.Release|Any CPU.ActiveCfg = Release|Any CPU
		{C90638D2-F63B-408E-8DEC-95B0D082C264}.Release|Any CPU.Build.0 = Release|Any CPU
	EndGlobalSection
	GlobalSection(SolutionProperties) = preSolution
		HideSolutionNode = FALSE
	EndGlobalSection
	GlobalSection(ExtensibilityGlobals) = postSolution
		SolutionGuid = {4B0E80C0-0CEF-4F99-B6E5-D9CF41215AE9}
	EndGlobalSection
EndGlobal
