
Microsoft Visual Studio Solution File, Format Version 12.00
# Visual Studio Version 16
VisualStudioVersion = 16.0.29519.181
MinimumVisualStudioVersion = 10.0.40219.1
Project("{FAE04EC0-301F-11D3-BF4B-00C04F79EFBC}") = "1", "1\1.csproj", "{20859709-31C9-4222-9073-5F237786DB0F}"
EndProject
Global
	GlobalSection(SolutionConfigurationPlatforms) = preSolution
		Debug|Any CPU = Debug|Any CPU
		Release|Any CPU = Release|Any CPU
	EndGlobalSection
	GlobalSection(ProjectConfigurationPlatforms) = postSolution
		{20859709-31C9-4222-9073-5F237786DB0F}.Debug|Any CPU.ActiveCfg = Debug|Any CPU
		{20859709-31C9-4222-9073-5F237786DB0F}.Debug|Any CPU.Build.0 = Debug|Any CPU
		{20859709-31C9-4222-9073-5F237786DB0F}.Release|Any CPU.ActiveCfg = Release|Any CPU
		{20859709-31C9-4222-9073-5F237786DB0F}.Release|Any CPU.Build.0 = Release|Any CPU
	EndGlobalSection
	GlobalSection(SolutionProperties) = preSolution
		HideSolutionNode = FALSE
	EndGlobalSection
	GlobalSection(ExtensibilityGlobals) = postSolution
		SolutionGuid = {4785FFF7-F6AE-4168-9FE2-EE6710ACE1D7}
	EndGlobalSection
EndGlobal
