
Microsoft Visual Studio Solution File, Format Version 12.00
# Visual Studio Version 16
VisualStudioVersion = 16.0.29519.181
MinimumVisualStudioVersion = 10.0.40219.1
Project("{FAE04EC0-301F-11D3-BF4B-00C04F79EFBC}") = "NR 1", "NR 1\NR 1.csproj", "{3B18DF0A-B6EF-4AC3-B853-B3241B46FAF5}"
EndProject
Global
	GlobalSection(SolutionConfigurationPlatforms) = preSolution
		Debug|Any CPU = Debug|Any CPU
		Release|Any CPU = Release|Any CPU
	EndGlobalSection
	GlobalSection(ProjectConfigurationPlatforms) = postSolution
		{3B18DF0A-B6EF-4AC3-B853-B3241B46FAF5}.Debug|Any CPU.ActiveCfg = Debug|Any CPU
		{3B18DF0A-B6EF-4AC3-B853-B3241B46FAF5}.Debug|Any CPU.Build.0 = Debug|Any CPU
		{3B18DF0A-B6EF-4AC3-B853-B3241B46FAF5}.Release|Any CPU.ActiveCfg = Release|Any CPU
		{3B18DF0A-B6EF-4AC3-B853-B3241B46FAF5}.Release|Any CPU.Build.0 = Release|Any CPU
	EndGlobalSection
	GlobalSection(SolutionProperties) = preSolution
		HideSolutionNode = FALSE
	EndGlobalSection
	GlobalSection(ExtensibilityGlobals) = postSolution
		SolutionGuid = {3CBCA0A3-E6F2-4CE2-8121-34875B8612A6}
	EndGlobalSection
EndGlobal
