
Microsoft Visual Studio Solution File, Format Version 12.00
# Visual Studio Version 16
VisualStudioVersion = 16.0.29519.181
MinimumVisualStudioVersion = 10.0.40219.1
Project("{FAE04EC0-301F-11D3-BF4B-00C04F79EFBC}") = "5", "5\5.csproj", "{33E1ED21-1787-40DC-8FD5-59D92866EEB3}"
EndProject
Global
	GlobalSection(SolutionConfigurationPlatforms) = preSolution
		Debug|Any CPU = Debug|Any CPU
		Release|Any CPU = Release|Any CPU
	EndGlobalSection
	GlobalSection(ProjectConfigurationPlatforms) = postSolution
		{33E1ED21-1787-40DC-8FD5-59D92866EEB3}.Debug|Any CPU.ActiveCfg = Debug|Any CPU
		{33E1ED21-1787-40DC-8FD5-59D92866EEB3}.Debug|Any CPU.Build.0 = Debug|Any CPU
		{33E1ED21-1787-40DC-8FD5-59D92866EEB3}.Release|Any CPU.ActiveCfg = Release|Any CPU
		{33E1ED21-1787-40DC-8FD5-59D92866EEB3}.Release|Any CPU.Build.0 = Release|Any CPU
	EndGlobalSection
	GlobalSection(SolutionProperties) = preSolution
		HideSolutionNode = FALSE
	EndGlobalSection
	GlobalSection(ExtensibilityGlobals) = postSolution
		SolutionGuid = {8554F38F-81E0-4035-BB31-5B84960C52EF}
	EndGlobalSection
EndGlobal
